
Microsoft Visual Studio Solution File, Format Version 12.00
# Visual Studio Version 17
VisualStudioVersion = 17.12.35527.113 d17.12
MinimumVisualStudioVersion = 10.0.40219.1
Project("{FAE04EC0-301F-11D3-BF4B-00C04F79EFBC}") = "ProductWarehouse", "ProductWarehouse\ProductWarehouse.csproj", "{DF5B48FF-5291-443B-A319-09636B273489}"
EndProject
Project("{FAE04EC0-301F-11D3-BF4B-00C04F79EFBC}") = "ClassLibraryProductWarehouse", "ClassLibraryProductWarehouse\ClassLibraryProductWarehouse.csproj", "{C1CF3EB9-E258-4431-B222-106A1240CB99}"
EndProject
Global
	GlobalSection(SolutionConfigurationPlatforms) = preSolution
		Debug|Any CPU = Debug|Any CPU
		Release|Any CPU = Release|Any CPU
	EndGlobalSection
	GlobalSection(ProjectConfigurationPlatforms) = postSolution
		{DF5B48FF-5291-443B-A319-09636B273489}.Debug|Any CPU.ActiveCfg = Debug|Any CPU
		{DF5B48FF-5291-443B-A319-09636B273489}.Debug|Any CPU.Build.0 = Debug|Any CPU
		{DF5B48FF-5291-443B-A319-09636B273489}.Release|Any CPU.ActiveCfg = Release|Any CPU
		{DF5B48FF-5291-443B-A319-09636B273489}.Release|Any CPU.Build.0 = Release|Any CPU
		{C1CF3EB9-E258-4431-B222-106A1240CB99}.Debug|Any CPU.ActiveCfg = Debug|Any CPU
		{C1CF3EB9-E258-4431-B222-106A1240CB99}.Debug|Any CPU.Build.0 = Debug|Any CPU
		{C1CF3EB9-E258-4431-B222-106A1240CB99}.Release|Any CPU.ActiveCfg = Release|Any CPU
		{C1CF3EB9-E258-4431-B222-106A1240CB99}.Release|Any CPU.Build.0 = Release|Any CPU
	EndGlobalSection
	GlobalSection(SolutionProperties) = preSolution
		HideSolutionNode = FALSE
	EndGlobalSection
EndGlobal
