
Microsoft Visual Studio Solution File, Format Version 12.00
# Visual Studio Version 17
VisualStudioVersion = 17.13.35825.156
MinimumVisualStudioVersion = 10.0.40219.1
Project("{FAE04EC0-301F-11D3-BF4B-00C04F79EFBC}") = "FileLoggerAdapter", "FileLoggerAdapter\FileLoggerAdapter.csproj", "{566DE340-2804-43FD-9628-F52A3D190464}"
EndProject
Project("{2150E333-8FDC-42A3-9474-1A3956D46DE8}") = "Task 1", "Task 1", "{02EA681E-C7D8-13C7-8484-4AC65E1B71E8}"
EndProject
Project("{FAE04EC0-301F-11D3-BF4B-00C04F79EFBC}") = "ClassLibraryFileLoggerAdapter", "ClassLibraryFileLoggerAdapter\ClassLibraryFileLoggerAdapter.csproj", "{1F853406-6BBE-43D5-9385-D5DDABB9745F}"
EndProject
Project("{2150E333-8FDC-42A3-9474-1A3956D46DE8}") = "Task 2", "Task 2", "{8FD2E8B8-5694-4E2F-ABF9-B64A5E52DA42}"
EndProject
Project("{FAE04EC0-301F-11D3-BF4B-00C04F79EFBC}") = "DecoratorPattern", "DecoratorPattern\DecoratorPattern.csproj", "{85849398-422C-4F3C-AAF2-DEAE754ECEC5}"
EndProject
Project("{FAE04EC0-301F-11D3-BF4B-00C04F79EFBC}") = "ClassLibraryDecoratorPattern", "ClassLibraryDecoratorPattern\ClassLibraryDecoratorPattern.csproj", "{0791DD66-0D26-4358-88F0-4641BC3BAA9E}"
EndProject
Project("{2150E333-8FDC-42A3-9474-1A3956D46DE8}") = "Task 3", "Task 3", "{F24C307A-128A-4C37-8F62-43C2108AD8D9}"
EndProject
Project("{FAE04EC0-301F-11D3-BF4B-00C04F79EFBC}") = "ClassLibraryBridgePattern", "ClassLibraryBridgePattern\ClassLibraryBridgePattern.csproj", "{D72914BC-E432-46E5-B41E-7BBA6B295EFD}"
EndProject
Project("{FAE04EC0-301F-11D3-BF4B-00C04F79EFBC}") = "BridgePattern", "BridgePattern\BridgePattern.csproj", "{A3FB1273-A782-4D5F-85C9-76EA3B7D17DF}"
EndProject
Project("{2150E333-8FDC-42A3-9474-1A3956D46DE8}") = "Task 4", "Task 4", "{2C910D91-74C4-4464-A3E4-1DC176A3783F}"
EndProject
Project("{FAE04EC0-301F-11D3-BF4B-00C04F79EFBC}") = "ProxyPattern", "ProxyPattern\ProxyPattern.csproj", "{EEC6EF88-B8A0-41AF-806C-1803E3439FA0}"
EndProject
Project("{FAE04EC0-301F-11D3-BF4B-00C04F79EFBC}") = "ClassLibraryProxyPattern", "ClassLibraryProxyPattern\ClassLibraryProxyPattern.csproj", "{8269129E-241B-4FCA-8EAD-C8BFEABB471E}"
EndProject
Project("{2150E333-8FDC-42A3-9474-1A3956D46DE8}") = "Task 5 6", "Task 5 6", "{E999FE9A-5F3D-4DC9-957F-4F5A4E60F0AC}"
EndProject
Project("{FAE04EC0-301F-11D3-BF4B-00C04F79EFBC}") = "CompositePattern", "CompositePattern\CompositePattern.csproj", "{6353175F-1F70-49B4-814F-579DA3294C8B}"
EndProject
Project("{FAE04EC0-301F-11D3-BF4B-00C04F79EFBC}") = "Flyweight", "Flyweight\Flyweight.csproj", "{40E9D3CE-AADB-408E-89AC-0F064B35C0B8}"
EndProject
Project("{FAE04EC0-301F-11D3-BF4B-00C04F79EFBC}") = "ClassLibraryOwnHTML", "ClassLibraryOwnHTML\ClassLibraryOwnHTML.csproj", "{D4DF0CA1-DDDD-9695-3111-FCF7C5248CB0}"
EndProject
Project("{FAE04EC0-301F-11D3-BF4B-00C04F79EFBC}") = "CommandPattern", "CommandPattern\CommandPattern.csproj", "{3B655014-F047-481D-AA39-6BCC0A22B745}"
EndProject
Global
	GlobalSection(SolutionConfigurationPlatforms) = preSolution
		Debug|Any CPU = Debug|Any CPU
		Release|Any CPU = Release|Any CPU
	EndGlobalSection
	GlobalSection(ProjectConfigurationPlatforms) = postSolution
		{566DE340-2804-43FD-9628-F52A3D190464}.Debug|Any CPU.ActiveCfg = Debug|Any CPU
		{566DE340-2804-43FD-9628-F52A3D190464}.Debug|Any CPU.Build.0 = Debug|Any CPU
		{566DE340-2804-43FD-9628-F52A3D190464}.Release|Any CPU.ActiveCfg = Release|Any CPU
		{566DE340-2804-43FD-9628-F52A3D190464}.Release|Any CPU.Build.0 = Release|Any CPU
		{1F853406-6BBE-43D5-9385-D5DDABB9745F}.Debug|Any CPU.ActiveCfg = Debug|Any CPU
		{1F853406-6BBE-43D5-9385-D5DDABB9745F}.Debug|Any CPU.Build.0 = Debug|Any CPU
		{1F853406-6BBE-43D5-9385-D5DDABB9745F}.Release|Any CPU.ActiveCfg = Release|Any CPU
		{1F853406-6BBE-43D5-9385-D5DDABB9745F}.Release|Any CPU.Build.0 = Release|Any CPU
		{85849398-422C-4F3C-AAF2-DEAE754ECEC5}.Debug|Any CPU.ActiveCfg = Debug|Any CPU
		{85849398-422C-4F3C-AAF2-DEAE754ECEC5}.Debug|Any CPU.Build.0 = Debug|Any CPU
		{85849398-422C-4F3C-AAF2-DEAE754ECEC5}.Release|Any CPU.ActiveCfg = Release|Any CPU
		{85849398-422C-4F3C-AAF2-DEAE754ECEC5}.Release|Any CPU.Build.0 = Release|Any CPU
		{0791DD66-0D26-4358-88F0-4641BC3BAA9E}.Debug|Any CPU.ActiveCfg = Debug|Any CPU
		{0791DD66-0D26-4358-88F0-4641BC3BAA9E}.Debug|Any CPU.Build.0 = Debug|Any CPU
		{0791DD66-0D26-4358-88F0-4641BC3BAA9E}.Release|Any CPU.ActiveCfg = Release|Any CPU
		{0791DD66-0D26-4358-88F0-4641BC3BAA9E}.Release|Any CPU.Build.0 = Release|Any CPU
		{D72914BC-E432-46E5-B41E-7BBA6B295EFD}.Debug|Any CPU.ActiveCfg = Debug|Any CPU
		{D72914BC-E432-46E5-B41E-7BBA6B295EFD}.Debug|Any CPU.Build.0 = Debug|Any CPU
		{D72914BC-E432-46E5-B41E-7BBA6B295EFD}.Release|Any CPU.ActiveCfg = Release|Any CPU
		{D72914BC-E432-46E5-B41E-7BBA6B295EFD}.Release|Any CPU.Build.0 = Release|Any CPU
		{A3FB1273-A782-4D5F-85C9-76EA3B7D17DF}.Debug|Any CPU.ActiveCfg = Debug|Any CPU
		{A3FB1273-A782-4D5F-85C9-76EA3B7D17DF}.Debug|Any CPU.Build.0 = Debug|Any CPU
		{A3FB1273-A782-4D5F-85C9-76EA3B7D17DF}.Release|Any CPU.ActiveCfg = Release|Any CPU
		{A3FB1273-A782-4D5F-85C9-76EA3B7D17DF}.Release|Any CPU.Build.0 = Release|Any CPU
		{EEC6EF88-B8A0-41AF-806C-1803E3439FA0}.Debug|Any CPU.ActiveCfg = Debug|Any CPU
		{EEC6EF88-B8A0-41AF-806C-1803E3439FA0}.Debug|Any CPU.Build.0 = Debug|Any CPU
		{EEC6EF88-B8A0-41AF-806C-1803E3439FA0}.Release|Any CPU.ActiveCfg = Release|Any CPU
		{EEC6EF88-B8A0-41AF-806C-1803E3439FA0}.Release|Any CPU.Build.0 = Release|Any CPU
		{8269129E-241B-4FCA-8EAD-C8BFEABB471E}.Debug|Any CPU.ActiveCfg = Debug|Any CPU
		{8269129E-241B-4FCA-8EAD-C8BFEABB471E}.Debug|Any CPU.Build.0 = Debug|Any CPU
		{8269129E-241B-4FCA-8EAD-C8BFEABB471E}.Release|Any CPU.ActiveCfg = Release|Any CPU
		{8269129E-241B-4FCA-8EAD-C8BFEABB471E}.Release|Any CPU.Build.0 = Release|Any CPU
		{6353175F-1F70-49B4-814F-579DA3294C8B}.Debug|Any CPU.ActiveCfg = Debug|Any CPU
		{6353175F-1F70-49B4-814F-579DA3294C8B}.Debug|Any CPU.Build.0 = Debug|Any CPU
		{6353175F-1F70-49B4-814F-579DA3294C8B}.Release|Any CPU.ActiveCfg = Release|Any CPU
		{6353175F-1F70-49B4-814F-579DA3294C8B}.Release|Any CPU.Build.0 = Release|Any CPU
		{40E9D3CE-AADB-408E-89AC-0F064B35C0B8}.Debug|Any CPU.ActiveCfg = Debug|Any CPU
		{40E9D3CE-AADB-408E-89AC-0F064B35C0B8}.Debug|Any CPU.Build.0 = Debug|Any CPU
		{40E9D3CE-AADB-408E-89AC-0F064B35C0B8}.Release|Any CPU.ActiveCfg = Release|Any CPU
		{40E9D3CE-AADB-408E-89AC-0F064B35C0B8}.Release|Any CPU.Build.0 = Release|Any CPU
		{D4DF0CA1-DDDD-9695-3111-FCF7C5248CB0}.Debug|Any CPU.ActiveCfg = Debug|Any CPU
		{D4DF0CA1-DDDD-9695-3111-FCF7C5248CB0}.Debug|Any CPU.Build.0 = Debug|Any CPU
		{D4DF0CA1-DDDD-9695-3111-FCF7C5248CB0}.Release|Any CPU.ActiveCfg = Release|Any CPU
		{D4DF0CA1-DDDD-9695-3111-FCF7C5248CB0}.Release|Any CPU.Build.0 = Release|Any CPU
		{3B655014-F047-481D-AA39-6BCC0A22B745}.Debug|Any CPU.ActiveCfg = Debug|Any CPU
		{3B655014-F047-481D-AA39-6BCC0A22B745}.Debug|Any CPU.Build.0 = Debug|Any CPU
		{3B655014-F047-481D-AA39-6BCC0A22B745}.Release|Any CPU.ActiveCfg = Release|Any CPU
		{3B655014-F047-481D-AA39-6BCC0A22B745}.Release|Any CPU.Build.0 = Release|Any CPU
	EndGlobalSection
	GlobalSection(SolutionProperties) = preSolution
		HideSolutionNode = FALSE
	EndGlobalSection
	GlobalSection(NestedProjects) = preSolution
		{566DE340-2804-43FD-9628-F52A3D190464} = {02EA681E-C7D8-13C7-8484-4AC65E1B71E8}
		{1F853406-6BBE-43D5-9385-D5DDABB9745F} = {02EA681E-C7D8-13C7-8484-4AC65E1B71E8}
		{85849398-422C-4F3C-AAF2-DEAE754ECEC5} = {8FD2E8B8-5694-4E2F-ABF9-B64A5E52DA42}
		{0791DD66-0D26-4358-88F0-4641BC3BAA9E} = {8FD2E8B8-5694-4E2F-ABF9-B64A5E52DA42}
		{D72914BC-E432-46E5-B41E-7BBA6B295EFD} = {F24C307A-128A-4C37-8F62-43C2108AD8D9}
		{A3FB1273-A782-4D5F-85C9-76EA3B7D17DF} = {F24C307A-128A-4C37-8F62-43C2108AD8D9}
		{EEC6EF88-B8A0-41AF-806C-1803E3439FA0} = {2C910D91-74C4-4464-A3E4-1DC176A3783F}
		{8269129E-241B-4FCA-8EAD-C8BFEABB471E} = {2C910D91-74C4-4464-A3E4-1DC176A3783F}
		{6353175F-1F70-49B4-814F-579DA3294C8B} = {E999FE9A-5F3D-4DC9-957F-4F5A4E60F0AC}
		{40E9D3CE-AADB-408E-89AC-0F064B35C0B8} = {E999FE9A-5F3D-4DC9-957F-4F5A4E60F0AC}
		{D4DF0CA1-DDDD-9695-3111-FCF7C5248CB0} = {E999FE9A-5F3D-4DC9-957F-4F5A4E60F0AC}
		{3B655014-F047-481D-AA39-6BCC0A22B745} = {E999FE9A-5F3D-4DC9-957F-4F5A4E60F0AC}
	EndGlobalSection
	GlobalSection(ExtensibilityGlobals) = postSolution
		SolutionGuid = {56C566F3-54A0-4FB2-BEF9-3C4CE342DCA8}
	EndGlobalSection
EndGlobal
